
Microsoft Visual Studio Solution File, Format Version 12.00
# Visual Studio 14
VisualStudioVersion = 14.0.23107.0
MinimumVisualStudioVersion = 10.0.40219.1
Project("{FAE04EC0-301F-11D3-BF4B-00C04F79EFBC}") = "Roulettified", "Roulettified\Roulettified.csproj", "{D2EB129B-3D9C-4627-AF77-6935CF1F2134}"
EndProject
Project("{FAE04EC0-301F-11D3-BF4B-00C04F79EFBC}") = "Roulettified.Tests", "Roulettified.Tests\Roulettified.Tests.csproj", "{BD73724C-4080-4A6B-9F45-B5020A9C28B8}"
EndProject
Project("{2150E333-8FDC-42A3-9474-1A3956D46DE8}") = "PublishScripts", "PublishScripts", "{B2882959-494F-4437-B11E-93352FBD889A}"
	ProjectSection(SolutionItems) = preProject
		PublishScripts\AzureVMPublishModule.psm1 = PublishScripts\AzureVMPublishModule.psm1
		PublishScripts\Publish-WebApplicationVM.ps1 = PublishScripts\Publish-WebApplicationVM.ps1
	EndProjectSection
EndProject
Project("{2150E333-8FDC-42A3-9474-1A3956D46DE8}") = "Configurations", "Configurations", "{760CF43F-7E19-4831-A272-904C5B7F6AE5}"
	ProjectSection(SolutionItems) = preProject
		PublishScripts\Configurations\Roulettified-WAWS-dev.json = PublishScripts\Configurations\Roulettified-WAWS-dev.json
	EndProjectSection
EndProject
Global
	GlobalSection(SolutionConfigurationPlatforms) = preSolution
		Debug|Any CPU = Debug|Any CPU
		Release|Any CPU = Release|Any CPU
	EndGlobalSection
	GlobalSection(ProjectConfigurationPlatforms) = postSolution
		{D2EB129B-3D9C-4627-AF77-6935CF1F2134}.Debug|Any CPU.ActiveCfg = Debug|Any CPU
		{D2EB129B-3D9C-4627-AF77-6935CF1F2134}.Debug|Any CPU.Build.0 = Debug|Any CPU
		{D2EB129B-3D9C-4627-AF77-6935CF1F2134}.Release|Any CPU.ActiveCfg = Release|Any CPU
		{D2EB129B-3D9C-4627-AF77-6935CF1F2134}.Release|Any CPU.Build.0 = Release|Any CPU
		{BD73724C-4080-4A6B-9F45-B5020A9C28B8}.Debug|Any CPU.ActiveCfg = Debug|Any CPU
		{BD73724C-4080-4A6B-9F45-B5020A9C28B8}.Debug|Any CPU.Build.0 = Debug|Any CPU
		{BD73724C-4080-4A6B-9F45-B5020A9C28B8}.Release|Any CPU.ActiveCfg = Release|Any CPU
		{BD73724C-4080-4A6B-9F45-B5020A9C28B8}.Release|Any CPU.Build.0 = Release|Any CPU
	EndGlobalSection
	GlobalSection(SolutionProperties) = preSolution
		HideSolutionNode = FALSE
	EndGlobalSection
	GlobalSection(NestedProjects) = preSolution
		{760CF43F-7E19-4831-A272-904C5B7F6AE5} = {B2882959-494F-4437-B11E-93352FBD889A}
	EndGlobalSection
EndGlobal
